// !$*UTF8*$!
{
	archiveVersion = 1;
	classes = {
	};
	objectVersion = 56;
	objects = {

/* Begin PBXBuildFile section */
		4A44D89B2ABA270D00E82F87 /* AppDelegate.swift in Sources */ = {isa = PBXBuildFile; fileRef = 4A44D89A2ABA270D00E82F87 /* AppDelegate.swift */; };
		4A44D89D2ABA270D00E82F87 /* ViewController.swift in Sources */ = {isa = PBXBuildFile; fileRef = 4A44D89C2ABA270D00E82F87 /* ViewController.swift */; };
		4A44D8A02ABA270D00E82F87 /* Main.storyboard in Resources */ = {isa = PBXBuildFile; fileRef = 4A44D89E2ABA270D00E82F87 /* Main.storyboard */; };
		4A44D8A22ABA270F00E82F87 /* Assets.xcassets in Resources */ = {isa = PBXBuildFile; fileRef = 4A44D8A12ABA270F00E82F87 /* Assets.xcassets */; };
		4A44D8A52ABA270F00E82F87 /* LaunchScreen.storyboard in Resources */ = {isa = PBXBuildFile; fileRef = 4A44D8A32ABA270F00E82F87 /* LaunchScreen.storyboard */; };
		4A44D8AD2ABA274B00E82F87 /* Logging in Frameworks */ = {isa = PBXBuildFile; productRef = 4A44D8AC2ABA274B00E82F87 /* Logging */; };
		4A44D8B02ABA275500E82F87 /* Swifter in Frameworks */ = {isa = PBXBuildFile; productRef = 4A44D8AF2ABA275500E82F87 /* Swifter */; };
		4A44D8B22ABA275500E82F87 /* SwifterExample in Frameworks */ = {isa = PBXBuildFile; productRef = 4A44D8B12ABA275500E82F87 /* SwifterExample */; };
		4A44D8B52ABA277900E82F87 /* TextEmboss in Frameworks */ = {isa = PBXBuildFile; productRef = 4A44D8B42ABA277900E82F87 /* TextEmboss */; };
		4A6185C92ABA2AE1002EFD83 /* CGRPCZlib in Frameworks */ = {isa = PBXBuildFile; productRef = 4A6185C82ABA2AE1002EFD83 /* CGRPCZlib */; };
		4A6185CB2ABA2AE1002EFD83 /* GRPC in Frameworks */ = {isa = PBXBuildFile; productRef = 4A6185CA2ABA2AE1002EFD83 /* GRPC */; };
		4A6185D22ABA3546002EFD83 /* TextEmbossGRPC in Frameworks */ = {isa = PBXBuildFile; productRef = 4A6185D12ABA3546002EFD83 /* TextEmbossGRPC */; };
/* End PBXBuildFile section */

/* Begin PBXFileReference section */
		4A44D8972ABA270D00E82F87 /* TextEmbossServer.app */ = {isa = PBXFileReference; explicitFileType = wrapper.application; includeInIndex = 0; path = TextEmbossServer.app; sourceTree = BUILT_PRODUCTS_DIR; };
		4A44D89A2ABA270D00E82F87 /* AppDelegate.swift */ = {isa = PBXFileReference; lastKnownFileType = sourcecode.swift; path = AppDelegate.swift; sourceTree = "<group>"; };
		4A44D89C2ABA270D00E82F87 /* ViewController.swift */ = {isa = PBXFileReference; lastKnownFileType = sourcecode.swift; path = ViewController.swift; sourceTree = "<group>"; };
		4A44D89F2ABA270D00E82F87 /* Base */ = {isa = PBXFileReference; lastKnownFileType = file.storyboard; name = Base; path = Base.lproj/Main.storyboard; sourceTree = "<group>"; };
		4A44D8A12ABA270F00E82F87 /* Assets.xcassets */ = {isa = PBXFileReference; lastKnownFileType = folder.assetcatalog; path = Assets.xcassets; sourceTree = "<group>"; };
		4A44D8A42ABA270F00E82F87 /* Base */ = {isa = PBXFileReference; lastKnownFileType = file.storyboard; name = Base; path = Base.lproj/LaunchScreen.storyboard; sourceTree = "<group>"; };
/* End PBXFileReference section */

/* Begin PBXFrameworksBuildPhase section */
		4A44D8942ABA270D00E82F87 /* Frameworks */ = {
			isa = PBXFrameworksBuildPhase;
			buildActionMask = 2147483647;
			files = (
				4A44D8B52ABA277900E82F87 /* TextEmboss in Frameworks */,
				4A44D8AD2ABA274B00E82F87 /* Logging in Frameworks */,
				4A6185CB2ABA2AE1002EFD83 /* GRPC in Frameworks */,
				4A6185D22ABA3546002EFD83 /* TextEmbossGRPC in Frameworks */,
				4A6185C92ABA2AE1002EFD83 /* CGRPCZlib in Frameworks */,
				4A44D8B22ABA275500E82F87 /* SwifterExample in Frameworks */,
				4A44D8B02ABA275500E82F87 /* Swifter in Frameworks */,
			);
			runOnlyForDeploymentPostprocessing = 0;
		};
/* End PBXFrameworksBuildPhase section */

/* Begin PBXGroup section */
		4A44D88E2ABA270D00E82F87 = {
			isa = PBXGroup;
			children = (
				4A44D8992ABA270D00E82F87 /* TextEmbossServer */,
				4A44D8982ABA270D00E82F87 /* Products */,
			);
			sourceTree = "<group>";
		};
		4A44D8982ABA270D00E82F87 /* Products */ = {
			isa = PBXGroup;
			children = (
				4A44D8972ABA270D00E82F87 /* TextEmbossServer.app */,
			);
			name = Products;
			sourceTree = "<group>";
		};
		4A44D8992ABA270D00E82F87 /* TextEmbossServer */ = {
			isa = PBXGroup;
			children = (
				4A44D89A2ABA270D00E82F87 /* AppDelegate.swift */,
				4A44D89C2ABA270D00E82F87 /* ViewController.swift */,
				4A44D89E2ABA270D00E82F87 /* Main.storyboard */,
				4A44D8A12ABA270F00E82F87 /* Assets.xcassets */,
				4A44D8A32ABA270F00E82F87 /* LaunchScreen.storyboard */,
			);
			path = TextEmbossServer;
			sourceTree = "<group>";
		};
/* End PBXGroup section */

/* Begin PBXNativeTarget section */
		4A44D8962ABA270D00E82F87 /* TextEmbossServer */ = {
			isa = PBXNativeTarget;
			buildConfigurationList = 4A44D8A82ABA270F00E82F87 /* Build configuration list for PBXNativeTarget "TextEmbossServer" */;
			buildPhases = (
				4A44D8932ABA270D00E82F87 /* Sources */,
				4A44D8942ABA270D00E82F87 /* Frameworks */,
				4A44D8952ABA270D00E82F87 /* Resources */,
			);
			buildRules = (
			);
			dependencies = (
			);
			name = TextEmbossServer;
			packageProductDependencies = (
				4A44D8AC2ABA274B00E82F87 /* Logging */,
				4A44D8AF2ABA275500E82F87 /* Swifter */,
				4A44D8B12ABA275500E82F87 /* SwifterExample */,
				4A44D8B42ABA277900E82F87 /* TextEmboss */,
				4A6185C82ABA2AE1002EFD83 /* CGRPCZlib */,
				4A6185CA2ABA2AE1002EFD83 /* GRPC */,
				4A6185D12ABA3546002EFD83 /* TextEmbossGRPC */,
			);
			productName = TextEmbossServer;
			productReference = 4A44D8972ABA270D00E82F87 /* TextEmbossServer.app */;
			productType = "com.apple.product-type.application";
		};
/* End PBXNativeTarget section */

/* Begin PBXProject section */
		4A44D88F2ABA270D00E82F87 /* Project object */ = {
			isa = PBXProject;
			attributes = {
				BuildIndependentTargetsInParallel = 1;
				LastSwiftUpdateCheck = 1500;
				LastUpgradeCheck = 1500;
				TargetAttributes = {
					4A44D8962ABA270D00E82F87 = {
						CreatedOnToolsVersion = 15.0;
					};
				};
			};
			buildConfigurationList = 4A44D8922ABA270D00E82F87 /* Build configuration list for PBXProject "TextEmbossServer" */;
			compatibilityVersion = "Xcode 14.0";
			developmentRegion = en;
			hasScannedForEncodings = 0;
			knownRegions = (
				en,
				Base,
			);
			mainGroup = 4A44D88E2ABA270D00E82F87;
			packageReferences = (
				4A44D8AB2ABA274B00E82F87 /* XCRemoteSwiftPackageReference "swift-log" */,
				4A44D8AE2ABA275500E82F87 /* XCRemoteSwiftPackageReference "swifter" */,
				4A44D8B32ABA277900E82F87 /* XCRemoteSwiftPackageReference "swift-text-emboss" */,
				4A6185C72ABA2AE1002EFD83 /* XCRemoteSwiftPackageReference "grpc-swift" */,
				4A6185D02ABA3546002EFD83 /* XCRemoteSwiftPackageReference "swift-text-emboss-grpc" */,
			);
			productRefGroup = 4A44D8982ABA270D00E82F87 /* Products */;
			projectDirPath = "";
			projectRoot = "";
			targets = (
				4A44D8962ABA270D00E82F87 /* TextEmbossServer */,
			);
		};
/* End PBXProject section */

/* Begin PBXResourcesBuildPhase section */
		4A44D8952ABA270D00E82F87 /* Resources */ = {
			isa = PBXResourcesBuildPhase;
			buildActionMask = 2147483647;
			files = (
				4A44D8A52ABA270F00E82F87 /* LaunchScreen.storyboard in Resources */,
				4A44D8A22ABA270F00E82F87 /* Assets.xcassets in Resources */,
				4A44D8A02ABA270D00E82F87 /* Main.storyboard in Resources */,
			);
			runOnlyForDeploymentPostprocessing = 0;
		};
/* End PBXResourcesBuildPhase section */

/* Begin PBXSourcesBuildPhase section */
		4A44D8932ABA270D00E82F87 /* Sources */ = {
			isa = PBXSourcesBuildPhase;
			buildActionMask = 2147483647;
			files = (
				4A44D89D2ABA270D00E82F87 /* ViewController.swift in Sources */,
				4A44D89B2ABA270D00E82F87 /* AppDelegate.swift in Sources */,
			);
			runOnlyForDeploymentPostprocessing = 0;
		};
/* End PBXSourcesBuildPhase section */

/* Begin PBXVariantGroup section */
		4A44D89E2ABA270D00E82F87 /* Main.storyboard */ = {
			isa = PBXVariantGroup;
			children = (
				4A44D89F2ABA270D00E82F87 /* Base */,
			);
			name = Main.storyboard;
			sourceTree = "<group>";
		};
		4A44D8A32ABA270F00E82F87 /* LaunchScreen.storyboard */ = {
			isa = PBXVariantGroup;
			children = (
				4A44D8A42ABA270F00E82F87 /* Base */,
			);
			name = LaunchScreen.storyboard;
			sourceTree = "<group>";
		};
/* End PBXVariantGroup section */

/* Begin XCBuildConfiguration section */
		4A44D8A62ABA270F00E82F87 /* Debug */ = {
			isa = XCBuildConfiguration;
			buildSettings = {
				ALWAYS_SEARCH_USER_PATHS = NO;
				ASSETCATALOG_COMPILER_GENERATE_SWIFT_ASSET_SYMBOL_EXTENSIONS = YES;
				CLANG_ANALYZER_NONNULL = YES;
				CLANG_ANALYZER_NUMBER_OBJECT_CONVERSION = YES_AGGRESSIVE;
				CLANG_CXX_LANGUAGE_STANDARD = "gnu++20";
				CLANG_ENABLE_MODULES = YES;
				CLANG_ENABLE_OBJC_ARC = YES;
				CLANG_ENABLE_OBJC_WEAK = YES;
				CLANG_WARN_BLOCK_CAPTURE_AUTORELEASING = YES;
				CLANG_WARN_BOOL_CONVERSION = YES;
				CLANG_WARN_COMMA = YES;
				CLANG_WARN_CONSTANT_CONVERSION = YES;
				CLANG_WARN_DEPRECATED_OBJC_IMPLEMENTATIONS = YES;
				CLANG_WARN_DIRECT_OBJC_ISA_USAGE = YES_ERROR;
				CLANG_WARN_DOCUMENTATION_COMMENTS = YES;
				CLANG_WARN_EMPTY_BODY = YES;
				CLANG_WARN_ENUM_CONVERSION = YES;
				CLANG_WARN_INFINITE_RECURSION = YES;
				CLANG_WARN_INT_CONVERSION = YES;
				CLANG_WARN_NON_LITERAL_NULL_CONVERSION = YES;
				CLANG_WARN_OBJC_IMPLICIT_RETAIN_SELF = YES;
				CLANG_WARN_OBJC_LITERAL_CONVERSION = YES;
				CLANG_WARN_OBJC_ROOT_CLASS = YES_ERROR;
				CLANG_WARN_QUOTED_INCLUDE_IN_FRAMEWORK_HEADER = YES;
				CLANG_WARN_RANGE_LOOP_ANALYSIS = YES;
				CLANG_WARN_STRICT_PROTOTYPES = YES;
				CLANG_WARN_SUSPICIOUS_MOVE = YES;
				CLANG_WARN_UNGUARDED_AVAILABILITY = YES_AGGRESSIVE;
				CLANG_WARN_UNREACHABLE_CODE = YES;
				CLANG_WARN__DUPLICATE_METHOD_MATCH = YES;
				COPY_PHASE_STRIP = NO;
				DEBUG_INFORMATION_FORMAT = dwarf;
				ENABLE_STRICT_OBJC_MSGSEND = YES;
				ENABLE_TESTABILITY = YES;
				ENABLE_USER_SCRIPT_SANDBOXING = YES;
				GCC_C_LANGUAGE_STANDARD = gnu17;
				GCC_DYNAMIC_NO_PIC = NO;
				GCC_NO_COMMON_BLOCKS = YES;
				GCC_OPTIMIZATION_LEVEL = 0;
				GCC_PREPROCESSOR_DEFINITIONS = (
					"DEBUG=1",
					"$(inherited)",
				);
				GCC_WARN_64_TO_32_BIT_CONVERSION = YES;
				GCC_WARN_ABOUT_RETURN_TYPE = YES_ERROR;
				GCC_WARN_UNDECLARED_SELECTOR = YES;
				GCC_WARN_UNINITIALIZED_AUTOS = YES_AGGRESSIVE;
				GCC_WARN_UNUSED_FUNCTION = YES;
				GCC_WARN_UNUSED_VARIABLE = YES;
				LOCALIZATION_PREFERS_STRING_CATALOGS = YES;
				MTL_ENABLE_DEBUG_INFO = INCLUDE_SOURCE;
				MTL_FAST_MATH = YES;
				ONLY_ACTIVE_ARCH = YES;
				SDKROOT = appletvos;
				SWIFT_ACTIVE_COMPILATION_CONDITIONS = "DEBUG $(inherited)";
				SWIFT_OPTIMIZATION_LEVEL = "-Onone";
				TVOS_DEPLOYMENT_TARGET = 17.0;
			};
			name = Debug;
		};
		4A44D8A72ABA270F00E82F87 /* Release */ = {
			isa = XCBuildConfiguration;
			buildSettings = {
				ALWAYS_SEARCH_USER_PATHS = NO;
				ASSETCATALOG_COMPILER_GENERATE_SWIFT_ASSET_SYMBOL_EXTENSIONS = YES;
				CLANG_ANALYZER_NONNULL = YES;
				CLANG_ANALYZER_NUMBER_OBJECT_CONVERSION = YES_AGGRESSIVE;
				CLANG_CXX_LANGUAGE_STANDARD = "gnu++20";
				CLANG_ENABLE_MODULES = YES;
				CLANG_ENABLE_OBJC_ARC = YES;
				CLANG_ENABLE_OBJC_WEAK = YES;
				CLANG_WARN_BLOCK_CAPTURE_AUTORELEASING = YES;
				CLANG_WARN_BOOL_CONVERSION = YES;
				CLANG_WARN_COMMA = YES;
				CLANG_WARN_CONSTANT_CONVERSION = YES;
				CLANG_WARN_DEPRECATED_OBJC_IMPLEMENTATIONS = YES;
				CLANG_WARN_DIRECT_OBJC_ISA_USAGE = YES_ERROR;
				CLANG_WARN_DOCUMENTATION_COMMENTS = YES;
				CLANG_WARN_EMPTY_BODY = YES;
				CLANG_WARN_ENUM_CONVERSION = YES;
				CLANG_WARN_INFINITE_RECURSION = YES;
				CLANG_WARN_INT_CONVERSION = YES;
				CLANG_WARN_NON_LITERAL_NULL_CONVERSION = YES;
				CLANG_WARN_OBJC_IMPLICIT_RETAIN_SELF = YES;
				CLANG_WARN_OBJC_LITERAL_CONVERSION = YES;
				CLANG_WARN_OBJC_ROOT_CLASS = YES_ERROR;
				CLANG_WARN_QUOTED_INCLUDE_IN_FRAMEWORK_HEADER = YES;
				CLANG_WARN_RANGE_LOOP_ANALYSIS = YES;
				CLANG_WARN_STRICT_PROTOTYPES = YES;
				CLANG_WARN_SUSPICIOUS_MOVE = YES;
				CLANG_WARN_UNGUARDED_AVAILABILITY = YES_AGGRESSIVE;
				CLANG_WARN_UNREACHABLE_CODE = YES;
				CLANG_WARN__DUPLICATE_METHOD_MATCH = YES;
				COPY_PHASE_STRIP = NO;
				DEBUG_INFORMATION_FORMAT = "dwarf-with-dsym";
				ENABLE_NS_ASSERTIONS = NO;
				ENABLE_STRICT_OBJC_MSGSEND = YES;
				ENABLE_USER_SCRIPT_SANDBOXING = YES;
				GCC_C_LANGUAGE_STANDARD = gnu17;
				GCC_NO_COMMON_BLOCKS = YES;
				GCC_WARN_64_TO_32_BIT_CONVERSION = YES;
				GCC_WARN_ABOUT_RETURN_TYPE = YES_ERROR;
				GCC_WARN_UNDECLARED_SELECTOR = YES;
				GCC_WARN_UNINITIALIZED_AUTOS = YES_AGGRESSIVE;
				GCC_WARN_UNUSED_FUNCTION = YES;
				GCC_WARN_UNUSED_VARIABLE = YES;
				LOCALIZATION_PREFERS_STRING_CATALOGS = YES;
				MTL_ENABLE_DEBUG_INFO = NO;
				MTL_FAST_MATH = YES;
				SDKROOT = appletvos;
				SWIFT_COMPILATION_MODE = wholemodule;
				TVOS_DEPLOYMENT_TARGET = 17.0;
				VALIDATE_PRODUCT = YES;
			};
			name = Release;
		};
		4A44D8A92ABA270F00E82F87 /* Debug */ = {
			isa = XCBuildConfiguration;
			buildSettings = {
				ASSETCATALOG_COMPILER_APPICON_NAME = "App Icon & Top Shelf Image";
				ASSETCATALOG_COMPILER_GLOBAL_ACCENT_COLOR_NAME = AccentColor;
				CODE_SIGN_STYLE = Automatic;
				CURRENT_PROJECT_VERSION = 1;
				GENERATE_INFOPLIST_FILE = YES;
				INFOPLIST_KEY_CFBundleDisplayName = TextEmbossServer;
				INFOPLIST_KEY_UILaunchStoryboardName = LaunchScreen;
				INFOPLIST_KEY_UIMainStoryboardFile = Main;
				INFOPLIST_KEY_UIUserInterfaceStyle = Automatic;
				LD_RUNPATH_SEARCH_PATHS = (
					"$(inherited)",
					"@executable_path/Frameworks",
				);
				MARKETING_VERSION = 1.0;
				PRODUCT_BUNDLE_IDENTIFIER = org.sfomuseum.TextEmbossServer;
				PRODUCT_NAME = "$(TARGET_NAME)";
				SWIFT_EMIT_LOC_STRINGS = YES;
				SWIFT_VERSION = 5.0;
				TARGETED_DEVICE_FAMILY = 3;
			};
			name = Debug;
		};
		4A44D8AA2ABA270F00E82F87 /* Release */ = {
			isa = XCBuildConfiguration;
			buildSettings = {
				ASSETCATALOG_COMPILER_APPICON_NAME = "App Icon & Top Shelf Image";
				ASSETCATALOG_COMPILER_GLOBAL_ACCENT_COLOR_NAME = AccentColor;
				CODE_SIGN_STYLE = Automatic;
				CURRENT_PROJECT_VERSION = 1;
				GENERATE_INFOPLIST_FILE = YES;
				INFOPLIST_KEY_CFBundleDisplayName = TextEmbossServer;
				INFOPLIST_KEY_UILaunchStoryboardName = LaunchScreen;
				INFOPLIST_KEY_UIMainStoryboardFile = Main;
				INFOPLIST_KEY_UIUserInterfaceStyle = Automatic;
				LD_RUNPATH_SEARCH_PATHS = (
					"$(inherited)",
					"@executable_path/Frameworks",
				);
				MARKETING_VERSION = 1.0;
				PRODUCT_BUNDLE_IDENTIFIER = org.sfomuseum.TextEmbossServer;
				PRODUCT_NAME = "$(TARGET_NAME)";
				SWIFT_EMIT_LOC_STRINGS = YES;
				SWIFT_VERSION = 5.0;
				TARGETED_DEVICE_FAMILY = 3;
			};
			name = Release;
		};
/* End XCBuildConfiguration section */

/* Begin XCConfigurationList section */
		4A44D8922ABA270D00E82F87 /* Build configuration list for PBXProject "TextEmbossServer" */ = {
			isa = XCConfigurationList;
			buildConfigurations = (
				4A44D8A62ABA270F00E82F87 /* Debug */,
				4A44D8A72ABA270F00E82F87 /* Release */,
			);
			defaultConfigurationIsVisible = 0;
			defaultConfigurationName = Release;
		};
		4A44D8A82ABA270F00E82F87 /* Build configuration list for PBXNativeTarget "TextEmbossServer" */ = {
			isa = XCConfigurationList;
			buildConfigurations = (
				4A44D8A92ABA270F00E82F87 /* Debug */,
				4A44D8AA2ABA270F00E82F87 /* Release */,
			);
			defaultConfigurationIsVisible = 0;
			defaultConfigurationName = Release;
		};
/* End XCConfigurationList section */

/* Begin XCRemoteSwiftPackageReference section */
		4A44D8AB2ABA274B00E82F87 /* XCRemoteSwiftPackageReference "swift-log" */ = {
			isa = XCRemoteSwiftPackageReference;
			repositoryURL = "https://github.com/apple/swift-log";
			requirement = {
				kind = upToNextMajorVersion;
				minimumVersion = 1.5.3;
			};
		};
		4A44D8AE2ABA275500E82F87 /* XCRemoteSwiftPackageReference "swifter" */ = {
			isa = XCRemoteSwiftPackageReference;
			repositoryURL = "https://github.com/sfomuseum/swifter.git";
			requirement = {
				branch = main;
				kind = branch;
			};
		};
		4A44D8B32ABA277900E82F87 /* XCRemoteSwiftPackageReference "swift-text-emboss" */ = {
			isa = XCRemoteSwiftPackageReference;
			repositoryURL = "https://github.com/sfomuseum/swift-text-emboss";
			requirement = {
				branch = main;
				kind = branch;
			};
		};
		4A6185C72ABA2AE1002EFD83 /* XCRemoteSwiftPackageReference "grpc-swift" */ = {
			isa = XCRemoteSwiftPackageReference;
			repositoryURL = "https://github.com/grpc/grpc-swift.git";
			requirement = {
				kind = upToNextMajorVersion;
				minimumVersion = 1.19.1;
			};
		};
		4A6185D02ABA3546002EFD83 /* XCRemoteSwiftPackageReference "swift-text-emboss-grpc" */ = {
			isa = XCRemoteSwiftPackageReference;
			repositoryURL = "https://github.com/sfomuseum/swift-text-emboss-grpc";
			requirement = {
				branch = lib;
				kind = branch;
			};
		};
/* End XCRemoteSwiftPackageReference section */

/* Begin XCSwiftPackageProductDependency section */
		4A44D8AC2ABA274B00E82F87 /* Logging */ = {
			isa = XCSwiftPackageProductDependency;
			package = 4A44D8AB2ABA274B00E82F87 /* XCRemoteSwiftPackageReference "swift-log" */;
			productName = Logging;
		};
		4A44D8AF2ABA275500E82F87 /* Swifter */ = {
			isa = XCSwiftPackageProductDependency;
			package = 4A44D8AE2ABA275500E82F87 /* XCRemoteSwiftPackageReference "swifter" */;
			productName = Swifter;
		};
		4A44D8B12ABA275500E82F87 /* SwifterExample */ = {
			isa = XCSwiftPackageProductDependency;
			package = 4A44D8AE2ABA275500E82F87 /* XCRemoteSwiftPackageReference "swifter" */;
			productName = SwifterExample;
		};
		4A44D8B42ABA277900E82F87 /* TextEmboss */ = {
			isa = XCSwiftPackageProductDependency;
			package = 4A44D8B32ABA277900E82F87 /* XCRemoteSwiftPackageReference "swift-text-emboss" */;
			productName = TextEmboss;
		};
		4A6185C82ABA2AE1002EFD83 /* CGRPCZlib */ = {
			isa = XCSwiftPackageProductDependency;
			package = 4A6185C72ABA2AE1002EFD83 /* XCRemoteSwiftPackageReference "grpc-swift" */;
			productName = CGRPCZlib;
		};
		4A6185CA2ABA2AE1002EFD83 /* GRPC */ = {
			isa = XCSwiftPackageProductDependency;
			package = 4A6185C72ABA2AE1002EFD83 /* XCRemoteSwiftPackageReference "grpc-swift" */;
			productName = GRPC;
		};
		4A6185D12ABA3546002EFD83 /* TextEmbossGRPC */ = {
			isa = XCSwiftPackageProductDependency;
			package = 4A6185D02ABA3546002EFD83 /* XCRemoteSwiftPackageReference "swift-text-emboss-grpc" */;
			productName = TextEmbossGRPC;
		};
/* End XCSwiftPackageProductDependency section */
	};
	rootObject = 4A44D88F2ABA270D00E82F87 /* Project object */;
}
